
Microsoft Visual Studio Solution File, Format Version 12.00
# Visual Studio Version 16
VisualStudioVersion = 16.0.28803.352
MinimumVisualStudioVersion = 10.0.40219.1
Project("{FAE04EC0-301F-11D3-BF4B-00C04F79EFBC}") = "CustomList", "CustomList\CustomList.csproj", "{BBC3AEC5-EA39-4DC6-810C-0F0DA88A54EE}"
EndProject
Project("{FAE04EC0-301F-11D3-BF4B-00C04F79EFBC}") = "CustomListTest", "CustomListTest\CustomListTest.csproj", "{957E2F6A-60A0-4477-B223-9A6A01D6DD99}"
EndProject
Global
	GlobalSection(SolutionConfigurationPlatforms) = preSolution
		Debug|Any CPU = Debug|Any CPU
		Release|Any CPU = Release|Any CPU
	EndGlobalSection
	GlobalSection(ProjectConfigurationPlatforms) = postSolution
		{BBC3AEC5-EA39-4DC6-810C-0F0DA88A54EE}.Debug|Any CPU.ActiveCfg = Debug|Any CPU
		{BBC3AEC5-EA39-4DC6-810C-0F0DA88A54EE}.Debug|Any CPU.Build.0 = Debug|Any CPU
		{BBC3AEC5-EA39-4DC6-810C-0F0DA88A54EE}.Release|Any CPU.ActiveCfg = Release|Any CPU
		{BBC3AEC5-EA39-4DC6-810C-0F0DA88A54EE}.Release|Any CPU.Build.0 = Release|Any CPU
		{957E2F6A-60A0-4477-B223-9A6A01D6DD99}.Debug|Any CPU.ActiveCfg = Debug|Any CPU
		{957E2F6A-60A0-4477-B223-9A6A01D6DD99}.Debug|Any CPU.Build.0 = Debug|Any CPU
		{957E2F6A-60A0-4477-B223-9A6A01D6DD99}.Release|Any CPU.ActiveCfg = Release|Any CPU
		{957E2F6A-60A0-4477-B223-9A6A01D6DD99}.Release|Any CPU.Build.0 = Release|Any CPU
	EndGlobalSection
	GlobalSection(SolutionProperties) = preSolution
		HideSolutionNode = FALSE
	EndGlobalSection
	GlobalSection(ExtensibilityGlobals) = postSolution
		SolutionGuid = {D43A6D37-5929-43E8-A8E0-7106009F4C71}
	EndGlobalSection
EndGlobal
